
Microsoft Visual Studio Solution File, Format Version 12.00
# Visual Studio Version 17
VisualStudioVersion = 17.0.32014.148
MinimumVisualStudioVersion = 10.0.40219.1
Project("{2150E333-8FDC-42A3-9474-1A3956D46DE8}") = "src", "src", "{D6E9FC51-10C8-4299-8407-A847E45EC980}"
EndProject
Project("{2150E333-8FDC-42A3-9474-1A3956D46DE8}") = "tests", "tests", "{7F23AA63-8643-4FB1-8DE2-D86DE87FC7E3}"
EndProject
Project("{2150E333-8FDC-42A3-9474-1A3956D46DE8}") = "ApiGateways", "ApiGateways", "{92B3A51D-C6D6-4D65-BF96-FEF07CB7A13C}"
EndProject
Project("{2150E333-8FDC-42A3-9474-1A3956D46DE8}") = "Infrastructure", "Infrastructure", "{D34B3F46-1E76-4B50-91EC-AAAEE5822927}"
EndProject
Project("{2150E333-8FDC-42A3-9474-1A3956D46DE8}") = "Services", "Services", "{9EA604B8-F590-4C13-BB54-C5E944460528}"
EndProject
Project("{9A19103F-16F7-4668-BE54-9A1E7A4F7556}") = "Common.Logging", "src\Infrastructure\Common.Logging\Common.Logging.csproj", "{B87C064A-A193-4A27-93FA-578187DF74C4}"
EndProject
Project("{9A19103F-16F7-4668-BE54-9A1E7A4F7556}") = "Common.EventBus", "src\Infrastructure\Common.EventBus\Common.EventBus.csproj", "{81F8602B-7EE7-4957-8960-C57BD9D7AA31}"
EndProject
Project("{2150E333-8FDC-42A3-9474-1A3956D46DE8}") = "Presentations", "Presentations", "{A5C9EF71-83C6-4C14-8165-175C74306DAF}"
EndProject
Project("{9A19103F-16F7-4668-BE54-9A1E7A4F7556}") = "WebHealthCheckUI", "src\Presentations\WebHealthCheckUI\WebHealthCheckUI.csproj", "{9EFDF378-8AFF-4ED0-9540-F91B8D0FFA01}"
EndProject
Project("{9A19103F-16F7-4668-BE54-9A1E7A4F7556}") = "InventoryService", "src\Services\InventoryService\InventoryService.csproj", "{417235BF-F89D-49A0-9B3C-E9FBC6E3862A}"
EndProject
Project("{9A19103F-16F7-4668-BE54-9A1E7A4F7556}") = "Cassie.Ocelot.ApiGateway", "src\ApiGateways\Cassie.Ocelot.ApiGateway\Cassie.Ocelot.ApiGateway.csproj", "{CEFAE71F-9EBE-430D-904C-A1912DA32EB3}"
EndProject
Project("{FAE04EC0-301F-11D3-BF4B-00C04F79EFBC}") = "ProductService", "src\Services\ProductService\ProductService.csproj", "{14F1B7A3-EA4F-40BB-A0CB-550C469D8119}"
EndProject
Project("{FAE04EC0-301F-11D3-BF4B-00C04F79EFBC}") = "Cassie.Contracts", "src\Infrastructure\Cassie.Contracts\Cassie.Contracts.csproj", "{0A464173-3F69-4207-9CE0-27E1079BD957}"
EndProject
Project("{FAE04EC0-301F-11D3-BF4B-00C04F79EFBC}") = "CustomerService", "src\Services\CustomerService\CustomerService.csproj", "{3975350F-A8B9-4D1B-B525-5083B3108274}"
EndProject
Project("{FAE04EC0-301F-11D3-BF4B-00C04F79EFBC}") = "OrderingService", "src\Services\OrderingService\OrderingService.csproj", "{B4394FB1-9056-4852-9BB6-2A0193AD020F}"
EndProject
Project("{FAE04EC0-301F-11D3-BF4B-00C04F79EFBC}") = "BasketService", "src\Services\BasketService\BasketService.csproj", "{D0D68D1D-430F-4CAE-A936-DA6B3659BAC2}"
EndProject
Project("{2150E333-8FDC-42A3-9474-1A3956D46DE8}") = "SolutionItems", "SolutionItems", "{53E1C712-62B0-4082-BFA7-97B65B84C14B}"
	ProjectSection(SolutionItems) = preProject
		src\docker-compose.override.yml = src\docker-compose.override.yml
		src\docker-compose.yml = src\docker-compose.yml
	EndProjectSection
EndProject
Project("{FAE04EC0-301F-11D3-BF4B-00C04F79EFBC}") = "Cassie.Shared", "src\Infrastructure\Cassie.Shared\Cassie.Shared.csproj", "{23542701-6974-4742-B5A3-D46A87B86F88}"
EndProject
Project("{FAE04EC0-301F-11D3-BF4B-00C04F79EFBC}") = "Cassie.SharedInfrastructure", "src\Infrastructure\Cassie.SharedInfrastructure\Cassie.SharedInfrastructure.csproj", "{53EF6B5E-631D-4ED7-89CB-07A2EE5F5B4A}"
EndProject
Project("{FAE04EC0-301F-11D3-BF4B-00C04F79EFBC}") = "Cassie.SharedInfrastructureTest", "tests\Cassie.SharedInfrastructureTest\Cassie.SharedInfrastructureTest.csproj", "{51AA8E4B-DFCA-4BC8-A1C5-1923D3FF7A60}"
EndProject
Global
	GlobalSection(SolutionConfigurationPlatforms) = preSolution
		Debug|Any CPU = Debug|Any CPU
		Release|Any CPU = Release|Any CPU
	EndGlobalSection
	GlobalSection(ProjectConfigurationPlatforms) = postSolution
		{B87C064A-A193-4A27-93FA-578187DF74C4}.Debug|Any CPU.ActiveCfg = Debug|Any CPU
		{B87C064A-A193-4A27-93FA-578187DF74C4}.Debug|Any CPU.Build.0 = Debug|Any CPU
		{B87C064A-A193-4A27-93FA-578187DF74C4}.Release|Any CPU.ActiveCfg = Release|Any CPU
		{B87C064A-A193-4A27-93FA-578187DF74C4}.Release|Any CPU.Build.0 = Release|Any CPU
		{81F8602B-7EE7-4957-8960-C57BD9D7AA31}.Debug|Any CPU.ActiveCfg = Debug|Any CPU
		{81F8602B-7EE7-4957-8960-C57BD9D7AA31}.Debug|Any CPU.Build.0 = Debug|Any CPU
		{81F8602B-7EE7-4957-8960-C57BD9D7AA31}.Release|Any CPU.ActiveCfg = Release|Any CPU
		{81F8602B-7EE7-4957-8960-C57BD9D7AA31}.Release|Any CPU.Build.0 = Release|Any CPU
		{9EFDF378-8AFF-4ED0-9540-F91B8D0FFA01}.Debug|Any CPU.ActiveCfg = Debug|Any CPU
		{9EFDF378-8AFF-4ED0-9540-F91B8D0FFA01}.Debug|Any CPU.Build.0 = Debug|Any CPU
		{9EFDF378-8AFF-4ED0-9540-F91B8D0FFA01}.Release|Any CPU.ActiveCfg = Release|Any CPU
		{9EFDF378-8AFF-4ED0-9540-F91B8D0FFA01}.Release|Any CPU.Build.0 = Release|Any CPU
		{417235BF-F89D-49A0-9B3C-E9FBC6E3862A}.Debug|Any CPU.ActiveCfg = Debug|Any CPU
		{417235BF-F89D-49A0-9B3C-E9FBC6E3862A}.Debug|Any CPU.Build.0 = Debug|Any CPU
		{417235BF-F89D-49A0-9B3C-E9FBC6E3862A}.Release|Any CPU.ActiveCfg = Release|Any CPU
		{417235BF-F89D-49A0-9B3C-E9FBC6E3862A}.Release|Any CPU.Build.0 = Release|Any CPU
		{CEFAE71F-9EBE-430D-904C-A1912DA32EB3}.Debug|Any CPU.ActiveCfg = Debug|Any CPU
		{CEFAE71F-9EBE-430D-904C-A1912DA32EB3}.Debug|Any CPU.Build.0 = Debug|Any CPU
		{CEFAE71F-9EBE-430D-904C-A1912DA32EB3}.Release|Any CPU.ActiveCfg = Release|Any CPU
		{CEFAE71F-9EBE-430D-904C-A1912DA32EB3}.Release|Any CPU.Build.0 = Release|Any CPU
		{14F1B7A3-EA4F-40BB-A0CB-550C469D8119}.Debug|Any CPU.ActiveCfg = Debug|Any CPU
		{14F1B7A3-EA4F-40BB-A0CB-550C469D8119}.Debug|Any CPU.Build.0 = Debug|Any CPU
		{14F1B7A3-EA4F-40BB-A0CB-550C469D8119}.Release|Any CPU.ActiveCfg = Release|Any CPU
		{14F1B7A3-EA4F-40BB-A0CB-550C469D8119}.Release|Any CPU.Build.0 = Release|Any CPU
		{0A464173-3F69-4207-9CE0-27E1079BD957}.Debug|Any CPU.ActiveCfg = Debug|Any CPU
		{0A464173-3F69-4207-9CE0-27E1079BD957}.Debug|Any CPU.Build.0 = Debug|Any CPU
		{0A464173-3F69-4207-9CE0-27E1079BD957}.Release|Any CPU.ActiveCfg = Release|Any CPU
		{0A464173-3F69-4207-9CE0-27E1079BD957}.Release|Any CPU.Build.0 = Release|Any CPU
		{3975350F-A8B9-4D1B-B525-5083B3108274}.Debug|Any CPU.ActiveCfg = Debug|Any CPU
		{3975350F-A8B9-4D1B-B525-5083B3108274}.Debug|Any CPU.Build.0 = Debug|Any CPU
		{3975350F-A8B9-4D1B-B525-5083B3108274}.Release|Any CPU.ActiveCfg = Release|Any CPU
		{3975350F-A8B9-4D1B-B525-5083B3108274}.Release|Any CPU.Build.0 = Release|Any CPU
		{B4394FB1-9056-4852-9BB6-2A0193AD020F}.Debug|Any CPU.ActiveCfg = Debug|Any CPU
		{B4394FB1-9056-4852-9BB6-2A0193AD020F}.Debug|Any CPU.Build.0 = Debug|Any CPU
		{B4394FB1-9056-4852-9BB6-2A0193AD020F}.Release|Any CPU.ActiveCfg = Release|Any CPU
		{B4394FB1-9056-4852-9BB6-2A0193AD020F}.Release|Any CPU.Build.0 = Release|Any CPU
		{D0D68D1D-430F-4CAE-A936-DA6B3659BAC2}.Debug|Any CPU.ActiveCfg = Debug|Any CPU
		{D0D68D1D-430F-4CAE-A936-DA6B3659BAC2}.Debug|Any CPU.Build.0 = Debug|Any CPU
		{D0D68D1D-430F-4CAE-A936-DA6B3659BAC2}.Release|Any CPU.ActiveCfg = Release|Any CPU
		{D0D68D1D-430F-4CAE-A936-DA6B3659BAC2}.Release|Any CPU.Build.0 = Release|Any CPU
		{23542701-6974-4742-B5A3-D46A87B86F88}.Debug|Any CPU.ActiveCfg = Debug|Any CPU
		{23542701-6974-4742-B5A3-D46A87B86F88}.Debug|Any CPU.Build.0 = Debug|Any CPU
		{23542701-6974-4742-B5A3-D46A87B86F88}.Release|Any CPU.ActiveCfg = Release|Any CPU
		{23542701-6974-4742-B5A3-D46A87B86F88}.Release|Any CPU.Build.0 = Release|Any CPU
		{53EF6B5E-631D-4ED7-89CB-07A2EE5F5B4A}.Debug|Any CPU.ActiveCfg = Debug|Any CPU
		{53EF6B5E-631D-4ED7-89CB-07A2EE5F5B4A}.Debug|Any CPU.Build.0 = Debug|Any CPU
		{53EF6B5E-631D-4ED7-89CB-07A2EE5F5B4A}.Release|Any CPU.ActiveCfg = Release|Any CPU
		{53EF6B5E-631D-4ED7-89CB-07A2EE5F5B4A}.Release|Any CPU.Build.0 = Release|Any CPU
		{51AA8E4B-DFCA-4BC8-A1C5-1923D3FF7A60}.Debug|Any CPU.ActiveCfg = Debug|Any CPU
		{51AA8E4B-DFCA-4BC8-A1C5-1923D3FF7A60}.Debug|Any CPU.Build.0 = Debug|Any CPU
		{51AA8E4B-DFCA-4BC8-A1C5-1923D3FF7A60}.Release|Any CPU.ActiveCfg = Release|Any CPU
		{51AA8E4B-DFCA-4BC8-A1C5-1923D3FF7A60}.Release|Any CPU.Build.0 = Release|Any CPU
	EndGlobalSection
	GlobalSection(SolutionProperties) = preSolution
		HideSolutionNode = FALSE
	EndGlobalSection
	GlobalSection(NestedProjects) = preSolution
		{92B3A51D-C6D6-4D65-BF96-FEF07CB7A13C} = {D6E9FC51-10C8-4299-8407-A847E45EC980}
		{D34B3F46-1E76-4B50-91EC-AAAEE5822927} = {D6E9FC51-10C8-4299-8407-A847E45EC980}
		{9EA604B8-F590-4C13-BB54-C5E944460528} = {D6E9FC51-10C8-4299-8407-A847E45EC980}
		{B87C064A-A193-4A27-93FA-578187DF74C4} = {D34B3F46-1E76-4B50-91EC-AAAEE5822927}
		{81F8602B-7EE7-4957-8960-C57BD9D7AA31} = {D34B3F46-1E76-4B50-91EC-AAAEE5822927}
		{A5C9EF71-83C6-4C14-8165-175C74306DAF} = {D6E9FC51-10C8-4299-8407-A847E45EC980}
		{9EFDF378-8AFF-4ED0-9540-F91B8D0FFA01} = {A5C9EF71-83C6-4C14-8165-175C74306DAF}
		{417235BF-F89D-49A0-9B3C-E9FBC6E3862A} = {9EA604B8-F590-4C13-BB54-C5E944460528}
		{CEFAE71F-9EBE-430D-904C-A1912DA32EB3} = {92B3A51D-C6D6-4D65-BF96-FEF07CB7A13C}
		{14F1B7A3-EA4F-40BB-A0CB-550C469D8119} = {9EA604B8-F590-4C13-BB54-C5E944460528}
		{0A464173-3F69-4207-9CE0-27E1079BD957} = {D34B3F46-1E76-4B50-91EC-AAAEE5822927}
		{3975350F-A8B9-4D1B-B525-5083B3108274} = {9EA604B8-F590-4C13-BB54-C5E944460528}
		{B4394FB1-9056-4852-9BB6-2A0193AD020F} = {9EA604B8-F590-4C13-BB54-C5E944460528}
		{D0D68D1D-430F-4CAE-A936-DA6B3659BAC2} = {9EA604B8-F590-4C13-BB54-C5E944460528}
		{23542701-6974-4742-B5A3-D46A87B86F88} = {D34B3F46-1E76-4B50-91EC-AAAEE5822927}
		{53EF6B5E-631D-4ED7-89CB-07A2EE5F5B4A} = {D34B3F46-1E76-4B50-91EC-AAAEE5822927}
		{51AA8E4B-DFCA-4BC8-A1C5-1923D3FF7A60} = {7F23AA63-8643-4FB1-8DE2-D86DE87FC7E3}
	EndGlobalSection
	GlobalSection(ExtensibilityGlobals) = postSolution
		SolutionGuid = {8F15D19D-B8E3-475E-B107-459E7D3A258E}
	EndGlobalSection
EndGlobal
